
Microsoft Visual Studio Solution File, Format Version 12.00
# Visual Studio Version 17
VisualStudioVersion = 17.14.36518.9 d17.14
MinimumVisualStudioVersion = 10.0.40219.1
Project("{FAE04EC0-301F-11D3-BF4B-00C04F79EFBC}") = "CROSSPLATFORM2DGAME", "CROSSPLATFORM2DGAME\CROSSPLATFORM2DGAME.csproj", "{F4966C39-03F5-4BDA-9F98-1B422FDD06CA}"
EndProject
Global
	GlobalSection(SolutionConfigurationPlatforms) = preSolution
		Debug|Any CPU = Debug|Any CPU
		Release|Any CPU = Release|Any CPU
	EndGlobalSection
	GlobalSection(ProjectConfigurationPlatforms) = postSolution
		{F4966C39-03F5-4BDA-9F98-1B422FDD06CA}.Debug|Any CPU.ActiveCfg = Debug|Any CPU
		{F4966C39-03F5-4BDA-9F98-1B422FDD06CA}.Debug|Any CPU.Build.0 = Debug|Any CPU
		{F4966C39-03F5-4BDA-9F98-1B422FDD06CA}.Release|Any CPU.ActiveCfg = Release|Any CPU
		{F4966C39-03F5-4BDA-9F98-1B422FDD06CA}.Release|Any CPU.Build.0 = Release|Any CPU
	EndGlobalSection
	GlobalSection(SolutionProperties) = preSolution
		HideSolutionNode = FALSE
	EndGlobalSection
	GlobalSection(ExtensibilityGlobals) = postSolution
		SolutionGuid = {939891FE-334C-4FA1-8714-0E3838E1A6FC}
	EndGlobalSection
EndGlobal
